
Microsoft Visual Studio Solution File, Format Version 12.00
# Visual Studio Version 17
VisualStudioVersion = 17.1.32319.34
MinimumVisualStudioVersion = 10.0.40219.1
Project("{9A19103F-16F7-4668-BE54-9A1E7A4F7556}") = "TesteDaAlegria.MassTransitNinja.Api", "TesteDaAlegria.MassTransitNinja.Api\TesteDaAlegria.MassTransitNinja.Api.csproj", "{97916E8E-1786-4EEA-B1FD-899ED53EDC68}"
EndProject
Project("{FAE04EC0-301F-11D3-BF4B-00C04F79EFBC}") = "TesteDaAlegria.MassTransitNinja.Contracts", "TesteDaAlegria.MassTransitNinja.Contracts\TesteDaAlegria.MassTransitNinja.Contracts.csproj", "{D87DDFBA-A529-427E-AABF-5B4C1D567B4F}"
EndProject
Project("{FAE04EC0-301F-11D3-BF4B-00C04F79EFBC}") = "TesteDaAlegria.MassTransitNinja.Components", "TesteDaAlegria.MassTransitNinja.Components\TesteDaAlegria.MassTransitNinja.Components.csproj", "{30D68A70-EE82-43EB-B9A9-C4648D7AA7E0}"
EndProject
Global
	GlobalSection(SolutionConfigurationPlatforms) = preSolution
		Debug|Any CPU = Debug|Any CPU
		Release|Any CPU = Release|Any CPU
	EndGlobalSection
	GlobalSection(ProjectConfigurationPlatforms) = postSolution
		{97916E8E-1786-4EEA-B1FD-899ED53EDC68}.Debug|Any CPU.ActiveCfg = Debug|Any CPU
		{97916E8E-1786-4EEA-B1FD-899ED53EDC68}.Debug|Any CPU.Build.0 = Debug|Any CPU
		{97916E8E-1786-4EEA-B1FD-899ED53EDC68}.Release|Any CPU.ActiveCfg = Release|Any CPU
		{97916E8E-1786-4EEA-B1FD-899ED53EDC68}.Release|Any CPU.Build.0 = Release|Any CPU
		{D87DDFBA-A529-427E-AABF-5B4C1D567B4F}.Debug|Any CPU.ActiveCfg = Debug|Any CPU
		{D87DDFBA-A529-427E-AABF-5B4C1D567B4F}.Debug|Any CPU.Build.0 = Debug|Any CPU
		{D87DDFBA-A529-427E-AABF-5B4C1D567B4F}.Release|Any CPU.ActiveCfg = Release|Any CPU
		{D87DDFBA-A529-427E-AABF-5B4C1D567B4F}.Release|Any CPU.Build.0 = Release|Any CPU
		{30D68A70-EE82-43EB-B9A9-C4648D7AA7E0}.Debug|Any CPU.ActiveCfg = Debug|Any CPU
		{30D68A70-EE82-43EB-B9A9-C4648D7AA7E0}.Debug|Any CPU.Build.0 = Debug|Any CPU
		{30D68A70-EE82-43EB-B9A9-C4648D7AA7E0}.Release|Any CPU.ActiveCfg = Release|Any CPU
		{30D68A70-EE82-43EB-B9A9-C4648D7AA7E0}.Release|Any CPU.Build.0 = Release|Any CPU
	EndGlobalSection
	GlobalSection(SolutionProperties) = preSolution
		HideSolutionNode = FALSE
	EndGlobalSection
	GlobalSection(ExtensibilityGlobals) = postSolution
		SolutionGuid = {87F6A4D0-2852-428B-8823-6E502DA19058}
	EndGlobalSection
EndGlobal
